
Microsoft Visual Studio Solution File, Format Version 12.00
# Visual Studio Version 17
VisualStudioVersion = 17.6.33815.320
MinimumVisualStudioVersion = 10.0.40219.1
Project("{FAE04EC0-301F-11D3-BF4B-00C04F79EFBC}") = "MHMLW-Backend", "MHMLW-Backend\MHMLW-Backend.csproj", "{9EB364B4-994E-486E-A306-86A2C2D9AA28}"
EndProject
Project("{FAE04EC0-301F-11D3-BF4B-00C04F79EFBC}") = "MHMLW-Common", "MHMLW-Common\MHMLW-Common.csproj", "{CA175626-AF0D-409A-A116-1E7E6BC02FA5}"
EndProject
Global
	GlobalSection(SolutionConfigurationPlatforms) = preSolution
		Debug|Any CPU = Debug|Any CPU
		Release|Any CPU = Release|Any CPU
	EndGlobalSection
	GlobalSection(ProjectConfigurationPlatforms) = postSolution
		{9EB364B4-994E-486E-A306-86A2C2D9AA28}.Debug|Any CPU.ActiveCfg = Debug|Any CPU
		{9EB364B4-994E-486E-A306-86A2C2D9AA28}.Debug|Any CPU.Build.0 = Debug|Any CPU
		{9EB364B4-994E-486E-A306-86A2C2D9AA28}.Release|Any CPU.ActiveCfg = Release|Any CPU
		{9EB364B4-994E-486E-A306-86A2C2D9AA28}.Release|Any CPU.Build.0 = Release|Any CPU
		{CA175626-AF0D-409A-A116-1E7E6BC02FA5}.Debug|Any CPU.ActiveCfg = Debug|Any CPU
		{CA175626-AF0D-409A-A116-1E7E6BC02FA5}.Debug|Any CPU.Build.0 = Debug|Any CPU
		{CA175626-AF0D-409A-A116-1E7E6BC02FA5}.Release|Any CPU.ActiveCfg = Release|Any CPU
		{CA175626-AF0D-409A-A116-1E7E6BC02FA5}.Release|Any CPU.Build.0 = Release|Any CPU
	EndGlobalSection
	GlobalSection(SolutionProperties) = preSolution
		HideSolutionNode = FALSE
	EndGlobalSection
	GlobalSection(ExtensibilityGlobals) = postSolution
		SolutionGuid = {F33EFBB7-D77D-4593-814A-2C4479178F86}
	EndGlobalSection
EndGlobal
